// This lockfile was autogenerated by Pants. To regenerate, run:
//
//    pants generate-lockfiles --resolve=python-default
//
// --- BEGIN PANTS LOCKFILE METADATA: DO NOT EDIT OR REMOVE ---
// {
//   "version": 3,
//   "valid_for_interpreter_constraints": [
//     "CPython==3.11.*"
//   ],
//   "generated_with_requirements": [
//     "ansible-core==2.17.1"
//   ],
//   "manylinux": "manylinux2014",
//   "requirement_constraints": [],
//   "only_binary": [],
//   "no_binary": []
// }
// --- END PANTS LOCKFILE METADATA ---

{
  "allow_builds": true,
  "allow_prereleases": false,
  "allow_wheels": true,
  "build_isolation": true,
  "constraints": [],
  "locked_resolves": [
    {
      "locked_requirements": [
        {
          "artifacts": [
            {
              "algorithm": "sha256",
              "hash": "aaaccf6a9fe05968821a02079c5ec4c33a7fe5f02d9f5d94f7c3a69f71eab675",
              "url": "https://files.pythonhosted.org/packages/4e/9b/91413a737d9dc8eb803e6cc872964c91f76806254f9e86fe84ee100a6f6f/ansible_core-2.17.1-py3-none-any.whl"
            },
            {
              "algorithm": "sha256",
              "hash": "46449d71bbd17c3ce85fe379721d88d333fd23637b5c3798e83fae5fa38def00",
              "url": "https://files.pythonhosted.org/packages/c4/76/e7b0ac590ef1f100fef0ae6875dbbab06d74edfac8b050024ef28cab1c3d/ansible_core-2.17.1.tar.gz"
            }
          ],
          "project_name": "ansible-core",
          "requires_dists": [
            "PyYAML>=5.1",
            "cryptography",
            "jinja2>=3.0.0",
            "packaging",
            "resolvelib<1.1.0,>=0.5.3"
          ],
          "requires_python": ">=3.10",
          "version": "2.17.1"
        },
        {
          "artifacts": [
            {
              "algorithm": "sha256",
              "hash": "e09f3ff613345df5e8c3667da1d918f9149bd623cd9070c983c013792a9a62eb",
              "url": "https://files.pythonhosted.org/packages/47/e3/b6832b1b9a1b6170c585ee2c2d30baf64d0a497c17e6623f42cfeb59c114/cffi-1.16.0-cp311-cp311-musllinux_1_1_x86_64.whl"
            },
            {
              "algorithm": "sha256",
              "hash": "1b8ebc27c014c59692bb2664c7d13ce7a6e9a629be20e54e7271fa696ff2b417",
              "url": "https://files.pythonhosted.org/packages/18/6c/0406611f3d5aadf4c5b08f6c095d874aed8dfc2d3a19892707d72536d5dc/cffi-1.16.0-cp311-cp311-macosx_11_0_arm64.whl"
            },
            {
              "algorithm": "sha256",
              "hash": "e70f54f1796669ef691ca07d046cd81a29cb4deb1e5f942003f401c0c4a2695d",
              "url": "https://files.pythonhosted.org/packages/36/44/124481b75d228467950b9e81d20ec963f33517ca551f08956f2838517ece/cffi-1.16.0-cp311-cp311-manylinux_2_17_ppc64le.manylinux2014_ppc64le.whl"
            },
            {
              "algorithm": "sha256",
              "hash": "ee07e47c12890ef248766a6e55bd38ebfb2bb8edd4142d56db91b21ea68b7627",
              "url": "https://files.pythonhosted.org/packages/58/ac/2a3ea436a6cbaa8f75ddcab39010e5e0817a18f26fef5d2fe2e0c7df3425/cffi-1.16.0-cp311-cp311-manylinux_2_12_i686.manylinux2010_i686.manylinux_2_17_i686.manylinux2014_i686.whl"
            },
            {
              "algorithm": "sha256",
              "hash": "bcb3ef43e58665bbda2fb198698fcae6776483e0c4a631aa5647806c25e02cc0",
              "url": "https://files.pythonhosted.org/packages/68/ce/95b0bae7968c65473e1298efb042e10cafc7bafc14d9e4f154008241c91d/cffi-1.16.0.tar.gz"
            },
            {
              "algorithm": "sha256",
              "hash": "b84834d0cf97e7d27dd5b7f3aca7b6e9263c56308ab9dc8aae9784abb774d404",
              "url": "https://files.pythonhosted.org/packages/95/c8/ce05a6cba2bec12d4b28285e66c53cc88dd7385b102dea7231da3b74cfef/cffi-1.16.0-cp311-cp311-macosx_10_9_x86_64.whl"
            },
            {
              "algorithm": "sha256",
              "hash": "7b78010e7b97fef4bee1e896df8a4bbb6712b7f05b7ef630f9d1da00f6444d2e",
              "url": "https://files.pythonhosted.org/packages/9b/89/a31c81e36bbb793581d8bba4406a8aac4ba84b2559301c44eef81f4cf5df/cffi-1.16.0-cp311-cp311-manylinux_2_17_x86_64.manylinux2014_x86_64.whl"
            },
            {
              "algorithm": "sha256",
              "hash": "d8a9d3ebe49f084ad71f9269834ceccbf398253c9fac910c4fd7053ff1386936",
              "url": "https://files.pythonhosted.org/packages/b5/23/ea84dd4985649fcc179ba3a6c9390412e924d20b0244dc71a6545788f5a2/cffi-1.16.0-cp311-cp311-manylinux_2_17_aarch64.manylinux2014_aarch64.whl"
            },
            {
              "algorithm": "sha256",
              "hash": "c6a164aa47843fb1b01e941d385aab7215563bb8816d80ff3a363a9f8448a8dc",
              "url": "https://files.pythonhosted.org/packages/e0/80/52b71420d68c4be18873318f6735c742f1172bb3b18d23f0306e6444d410/cffi-1.16.0-cp311-cp311-musllinux_1_1_i686.whl"
            },
            {
              "algorithm": "sha256",
              "hash": "5bf44d66cdf9e893637896c7faa22298baebcd18d1ddb6d2626a6e39793a1d56",
              "url": "https://files.pythonhosted.org/packages/e4/9a/7169ae3a67a7bb9caeb2249f0617ac1458df118305c53afa3dec4a9029cd/cffi-1.16.0-cp311-cp311-manylinux_2_17_s390x.manylinux2014_s390x.whl"
            }
          ],
          "project_name": "cffi",
          "requires_dists": [
            "pycparser"
          ],
          "requires_python": ">=3.8",
          "version": "1.16.0"
        },
        {
          "artifacts": [
            {
              "algorithm": "sha256",
              "hash": "b297f90c5723d04bcc8265fc2a0f86d4ea2e0f7ab4b6994459548d3a6b992a14",
              "url": "https://files.pythonhosted.org/packages/fd/2b/be327b580645927bb1a1f32d5a175b897a9b956bc085b095e15c40bac9ed/cryptography-42.0.8-cp39-abi3-musllinux_1_2_x86_64.whl"
            },
            {
              "algorithm": "sha256",
              "hash": "6b7c4f03ce01afd3b76cf69a5455caa9cfa3de8c8f493e0d3ab7d20611c8dae9",
              "url": "https://files.pythonhosted.org/packages/07/40/d6f6819c62e808ea74639c3c640f7edd636b86cce62cb14943996a15df92/cryptography-42.0.8-cp37-abi3-manylinux_2_28_x86_64.whl"
            },
            {
              "algorithm": "sha256",
              "hash": "cafb92b2bc622cd1aa6a1dce4b93307792633f4c5fe1f46c6b97cf67073ec961",
              "url": "https://files.pythonhosted.org/packages/0f/38/85c74d0ac4c540780e072b1e6f148ecb718418c1062edcb20d22f3ec5bbb/cryptography-42.0.8-cp39-abi3-musllinux_1_1_x86_64.whl"
            },
            {
              "algorithm": "sha256",
              "hash": "ad803773e9df0b92e0a817d22fd8a3675493f690b96130a5e24f1b8fabbea9c7",
              "url": "https://files.pythonhosted.org/packages/25/c9/86f04e150c5d5d5e4a731a2c1e0e43da84d901f388e3fea3d5de98d689a7/cryptography-42.0.8-cp37-abi3-musllinux_1_1_x86_64.whl"
            },
            {
              "algorithm": "sha256",
              "hash": "e599b53fd95357d92304510fb7bda8523ed1f79ca98dce2f43c115950aa78801",
              "url": "https://files.pythonhosted.org/packages/35/66/2d87e9ca95c82c7ee5f2c09716fc4c4242c1ae6647b9bd27e55e920e9f10/cryptography-42.0.8-cp37-abi3-manylinux_2_17_x86_64.manylinux2014_x86_64.whl"
            },
            {
              "algorithm": "sha256",
              "hash": "c4783183f7cb757b73b2ae9aed6599b96338eb957233c58ca8f49a49cc32fd5e",
              "url": "https://files.pythonhosted.org/packages/43/c2/4a3eef67e009a522711ebd8ac89424c3a7fe591ece7035d964419ad52a1d/cryptography-42.0.8-cp39-abi3-manylinux_2_17_aarch64.manylinux2014_aarch64.whl"
            },
            {
              "algorithm": "sha256",
              "hash": "a0608251135d0e03111152e41f0cc2392d1e74e35703960d4190b2e0f4ca9c70",
              "url": "https://files.pythonhosted.org/packages/49/1c/9f6d13cc8041c05eebff1154e4e71bedd1db8e174fff999054435994187a/cryptography-42.0.8-cp39-abi3-manylinux_2_17_x86_64.manylinux2014_x86_64.whl"
            },
            {
              "algorithm": "sha256",
              "hash": "2f66d9cd9147ee495a8374a45ca445819f8929a3efcd2e3df6428e46c3cbb10b",
              "url": "https://files.pythonhosted.org/packages/53/c2/903014dafb7271fb148887d4355b2e90319cad6e810663be622b0c933fc9/cryptography-42.0.8-cp37-abi3-musllinux_1_2_aarch64.whl"
            },
            {
              "algorithm": "sha256",
              "hash": "2346b911eb349ab547076f47f2e035fc8ff2c02380a7cbbf8d87114fa0f1c583",
              "url": "https://files.pythonhosted.org/packages/5c/46/de71d48abf2b6d3c808f4fbb0f4dc44a4e72786be23df0541aa2a3f6fd7e/cryptography-42.0.8-cp37-abi3-musllinux_1_1_aarch64.whl"
            },
            {
              "algorithm": "sha256",
              "hash": "e3ec3672626e1b9e55afd0df6d774ff0e953452886e06e0f1eb7eb0c832e8902",
              "url": "https://files.pythonhosted.org/packages/5d/32/f6326c70a9f0f258a201d3b2632bca586ea24d214cec3cf36e374040e273/cryptography-42.0.8-cp37-abi3-manylinux_2_17_aarch64.manylinux2014_aarch64.whl"
            },
            {
              "algorithm": "sha256",
              "hash": "dc0fdf6787f37b1c6b08e6dfc892d9d068b5bdb671198c72072828b80bd5fe4c",
              "url": "https://files.pythonhosted.org/packages/5f/f9/c3d4f19b82bdb25a3d857fe96e7e571c981810e47e3f299cc13ac429066a/cryptography-42.0.8-cp39-abi3-manylinux_2_28_aarch64.whl"
            },
            {
              "algorithm": "sha256",
              "hash": "dea567d1b0e8bc5764b9443858b673b734100c2871dc93163f58c46a97a83d28",
              "url": "https://files.pythonhosted.org/packages/60/12/f064af29190cdb1d38fe07f3db6126091639e1dece7ec77c4ff037d49193/cryptography-42.0.8-cp39-abi3-macosx_10_12_universal2.whl"
            },
            {
              "algorithm": "sha256",
              "hash": "31f721658a29331f895a5a54e7e82075554ccfb8b163a18719d342f5ffe5ecb1",
              "url": "https://files.pythonhosted.org/packages/89/f4/a8b982e88eb5350407ebdbf4717b55043271d878705329e107f4783555f2/cryptography-42.0.8-cp39-abi3-musllinux_1_2_aarch64.whl"
            },
            {
              "algorithm": "sha256",
              "hash": "8d09d05439ce7baa8e9e95b07ec5b6c886f548deb7e0f69ef25f64b3bce842f2",
              "url": "https://files.pythonhosted.org/packages/93/a7/1498799a2ea06148463a9a2c10ab2f6a921a74fb19e231b27dc412a748e2/cryptography-42.0.8.tar.gz"
            },
            {
              "algorithm": "sha256",
              "hash": "d45b940883a03e19e944456a558b67a41160e367a719833c53de6911cabba2b7",
              "url": "https://files.pythonhosted.org/packages/95/26/82d704d988a193cbdc69ac3b41c687c36eaed1642cce52530ad810c35645/cryptography-42.0.8-cp37-abi3-musllinux_1_2_x86_64.whl"
            },
            {
              "algorithm": "sha256",
              "hash": "fff12c88a672ab9c9c1cf7b0c80e3ad9e2ebd9d828d955c126be4fd3e5578c9e",
              "url": "https://files.pythonhosted.org/packages/a2/68/e16751f6b859bc120f53fddbf3ebada5c34f0e9689d8af32884d8b2e4b4c/cryptography-42.0.8-cp39-abi3-musllinux_1_1_aarch64.whl"
            },
            {
              "algorithm": "sha256",
              "hash": "5226d5d21ab681f432a9c1cf8b658c0cb02533eece706b155e5fbd8a0cdd3949",
              "url": "https://files.pythonhosted.org/packages/c2/de/8083fa2e68d403553a01a9323f4f8b9d7ffed09928ba25635c29fb28c1e7/cryptography-42.0.8-cp37-abi3-manylinux_2_28_aarch64.whl"
            },
            {
              "algorithm": "sha256",
              "hash": "81d8a521705787afe7a18d5bfb47ea9d9cc068206270aad0b96a725022e18d2e",
              "url": "https://files.pythonhosted.org/packages/f9/8b/1b929ba8139430e09e140e6939c2b29c18df1f2fc2149e41bdbdcdaf5d1f/cryptography-42.0.8-cp37-abi3-macosx_10_12_universal2.whl"
            },
            {
              "algorithm": "sha256",
              "hash": "961e61cefdcb06e0c6d7e3a1b22ebe8b996eb2bf50614e89384be54c48c6b63d",
              "url": "https://files.pythonhosted.org/packages/fa/5d/31d833daa800e4fab33209843095df7adb4a78ea536929145534cbc15026/cryptography-42.0.8-cp37-abi3-macosx_10_12_x86_64.whl"
            },
            {
              "algorithm": "sha256",
              "hash": "9c0c1716c8447ee7dbf08d6db2e5c41c688544c61074b54fc4564196f55c25a7",
              "url": "https://files.pythonhosted.org/packages/fa/e2/b7e6e8c261536c489d9cf908769880d94bd5d9a187e166b0dc838d2e6a56/cryptography-42.0.8-cp39-abi3-manylinux_2_28_x86_64.whl"
            }
          ],
          "project_name": "cryptography",
          "requires_dists": [
            "bcrypt>=3.1.5; extra == \"ssh\"",
            "build; extra == \"sdist\"",
            "certifi; extra == \"test\"",
            "cffi>=1.12; platform_python_implementation != \"PyPy\"",
            "check-sdist; extra == \"pep8test\"",
            "click; extra == \"pep8test\"",
            "mypy; extra == \"pep8test\"",
            "nox; extra == \"nox\"",
            "pretend; extra == \"test\"",
            "pyenchant>=1.6.11; extra == \"docstest\"",
            "pytest-benchmark; extra == \"test\"",
            "pytest-cov; extra == \"test\"",
            "pytest-randomly; extra == \"test-randomorder\"",
            "pytest-xdist; extra == \"test\"",
            "pytest>=6.2.0; extra == \"test\"",
            "readme-renderer; extra == \"docstest\"",
            "ruff; extra == \"pep8test\"",
            "sphinx-rtd-theme>=1.1.1; extra == \"docs\"",
            "sphinx>=5.3.0; extra == \"docs\"",
            "sphinxcontrib-spelling>=4.0.1; extra == \"docstest\""
          ],
          "requires_python": ">=3.7",
          "version": "42.0.8"
        },
        {
          "artifacts": [
            {
              "algorithm": "sha256",
              "hash": "bc5dd2abb727a5319567b7a813e6a2e7318c39f4f487cfe6c89c6f9c7d25197d",
              "url": "https://files.pythonhosted.org/packages/31/80/3a54838c3fb461f6fec263ebf3a3a41771bd05190238de3486aae8540c36/jinja2-3.1.4-py3-none-any.whl"
            },
            {
              "algorithm": "sha256",
              "hash": "4a3aee7acbbe7303aede8e9648d13b8bf88a429282aa6122a993f0ac800cb369",
              "url": "https://files.pythonhosted.org/packages/ed/55/39036716d19cab0747a5020fc7e907f362fbf48c984b14e62127f7e68e5d/jinja2-3.1.4.tar.gz"
            }
          ],
          "project_name": "jinja2",
          "requires_dists": [
            "Babel>=2.7; extra == \"i18n\"",
            "MarkupSafe>=2.0"
          ],
          "requires_python": ">=3.7",
          "version": "3.1.4"
        },
        {
          "artifacts": [
            {
              "algorithm": "sha256",
              "hash": "3a57fdd7ce31c7ff06cdfbf31dafa96cc533c21e443d57f5b1ecc6cdc668ec7f",
              "url": "https://files.pythonhosted.org/packages/f8/81/56e567126a2c2bc2684d6391332e357589a96a76cb9f8e5052d85cb0ead8/MarkupSafe-2.1.5-cp311-cp311-musllinux_1_1_x86_64.whl"
            },
            {
              "algorithm": "sha256",
              "hash": "7502934a33b54030eaf1194c21c692a534196063db72176b0c4028e140f8f32c",
              "url": "https://files.pythonhosted.org/packages/0c/40/2e73e7d532d030b1e41180807a80d564eda53babaf04d65e15c1cf897e40/MarkupSafe-2.1.5-cp311-cp311-manylinux_2_5_i686.manylinux1_i686.manylinux_2_17_i686.manylinux2014_i686.whl"
            },
            {
              "algorithm": "sha256",
              "hash": "629ddd2ca402ae6dbedfceeba9c46d5f7b2a61d9749597d4307f943ef198fc1f",
              "url": "https://files.pythonhosted.org/packages/11/e7/291e55127bb2ae67c64d66cef01432b5933859dfb7d6949daa721b89d0b3/MarkupSafe-2.1.5-cp311-cp311-macosx_10_9_universal2.whl"
            },
            {
              "algorithm": "sha256",
              "hash": "0e397ac966fdf721b2c528cf028494e86172b4feba51d65f81ffd65c63798f3f",
              "url": "https://files.pythonhosted.org/packages/18/46/5dca760547e8c59c5311b332f70605d24c99d1303dd9a6e1fc3ed0d73561/MarkupSafe-2.1.5-cp311-cp311-musllinux_1_1_aarch64.whl"
            },
            {
              "algorithm": "sha256",
              "hash": "6ec585f69cec0aa07d945b20805be741395e28ac1627333b1c5b0105962ffced",
              "url": "https://files.pythonhosted.org/packages/1c/cf/35fe557e53709e93feb65575c93927942087e9b97213eabc3fe9d5b25a55/MarkupSafe-2.1.5-cp311-cp311-manylinux_2_17_aarch64.manylinux2014_aarch64.whl"
            },
            {
              "algorithm": "sha256",
              "hash": "5b7b716f97b52c5a14bffdf688f971b2d5ef4029127f1ad7a513973cfd818df2",
              "url": "https://files.pythonhosted.org/packages/6b/cb/aed7a284c00dfa7c0682d14df85ad4955a350a21d2e3b06d8240497359bf/MarkupSafe-2.1.5-cp311-cp311-macosx_10_9_x86_64.whl"
            },
            {
              "algorithm": "sha256",
              "hash": "c061bb86a71b42465156a3ee7bd58c8c2ceacdbeb95d05a99893e08b8467359a",
              "url": "https://files.pythonhosted.org/packages/6d/c5/27febe918ac36397919cd4a67d5579cbbfa8da027fa1238af6285bb368ea/MarkupSafe-2.1.5-cp311-cp311-musllinux_1_1_i686.whl"
            },
            {
              "algorithm": "sha256",
              "hash": "d283d37a890ba4c1ae73ffadf8046435c76e7bc2247bbb63c00bd1a709c6544b",
              "url": "https://files.pythonhosted.org/packages/87/5b/aae44c6655f3801e81aa3eef09dbbf012431987ba564d7231722f68df02d/MarkupSafe-2.1.5.tar.gz"
            },
            {
              "algorithm": "sha256",
              "hash": "b91c037585eba9095565a3556f611e3cbfaa42ca1e865f7b8015fe5c7336d5a5",
              "url": "https://files.pythonhosted.org/packages/97/18/c30da5e7a0e7f4603abfc6780574131221d9148f323752c2755d48abad30/MarkupSafe-2.1.5-cp311-cp311-manylinux_2_17_x86_64.manylinux2014_x86_64.whl"
            }
          ],
          "project_name": "markupsafe",
          "requires_dists": [],
          "requires_python": ">=3.7",
          "version": "2.1.5"
        },
        {
          "artifacts": [
            {
              "algorithm": "sha256",
              "hash": "5b8f2217dbdbd2f7f384c41c628544e6d52f2d0f53c6d0c3ea61aa5d1d7ff124",
              "url": "https://files.pythonhosted.org/packages/08/aa/cc0199a5f0ad350994d660967a8efb233fe0416e4639146c089643407ce6/packaging-24.1-py3-none-any.whl"
            },
            {
              "algorithm": "sha256",
              "hash": "026ed72c8ed3fcce5bf8950572258698927fd1dbda10a5e981cdf0ac37f4f002",
              "url": "https://files.pythonhosted.org/packages/51/65/50db4dda066951078f0a96cf12f4b9ada6e4b811516bf0262c0f4f7064d4/packaging-24.1.tar.gz"
            }
          ],
          "project_name": "packaging",
          "requires_dists": [],
          "requires_python": ">=3.8",
          "version": "24.1"
        },
        {
          "artifacts": [
            {
              "algorithm": "sha256",
              "hash": "c3702b6d3dd8c7abc1afa565d7e63d53a1d0bd86cdc24edd75470f4de499cfcc",
              "url": "https://files.pythonhosted.org/packages/13/a3/a812df4e2dd5696d1f351d58b8fe16a405b234ad2886a0dab9183fb78109/pycparser-2.22-py3-none-any.whl"
            },
            {
              "algorithm": "sha256",
              "hash": "491c8be9c040f5390f5bf44a5b07752bd07f56edf992381b05c701439eec10f6",
              "url": "https://files.pythonhosted.org/packages/1d/b2/31537cf4b1ca988837256c910a668b553fceb8f069bedc4b1c826024b52c/pycparser-2.22.tar.gz"
            }
          ],
          "project_name": "pycparser",
          "requires_dists": [],
          "requires_python": ">=3.8",
          "version": "2.22"
        },
        {
          "artifacts": [
            {
              "algorithm": "sha256",
              "hash": "e7d73685e87afe9f3b36c799222440d6cf362062f78be1013661b00c5c6f678b",
              "url": "https://files.pythonhosted.org/packages/03/5c/c4671451b2f1d76ebe352c0945d4cd13500adb5d05f5a51ee296d80152f7/PyYAML-6.0.1-cp311-cp311-musllinux_1_1_x86_64.whl"
            },
            {
              "algorithm": "sha256",
              "hash": "062582fca9fabdd2c8b54a3ef1c978d786e0f6b3a1510e0ac93ef59e0ddae2bc",
              "url": "https://files.pythonhosted.org/packages/06/92/e0224aa6ebf9dc54a06a4609da37da40bb08d126f5535d81bff6b417b2ae/PyYAML-6.0.1-cp311-cp311-manylinux_2_17_s390x.manylinux2014_s390x.whl"
            },
            {
              "algorithm": "sha256",
              "hash": "f003ed9ad21d6a4713f0a9b5a7a0a79e08dd0f221aff4525a2be4c346ee60aab",
              "url": "https://files.pythonhosted.org/packages/28/09/55f715ddbf95a054b764b547f617e22f1d5e45d83905660e9a088078fe67/PyYAML-6.0.1-cp311-cp311-macosx_11_0_arm64.whl"
            },
            {
              "algorithm": "sha256",
              "hash": "42f8152b8dbc4fe7d96729ec2b99c7097d656dc1213a3229ca5383f973a5ed6d",
              "url": "https://files.pythonhosted.org/packages/5e/94/7d5ee059dfb92ca9e62f4057dcdec9ac08a9e42679644854dc01177f8145/PyYAML-6.0.1-cp311-cp311-manylinux_2_17_aarch64.manylinux2014_aarch64.whl"
            },
            {
              "algorithm": "sha256",
              "hash": "d2b04aac4d386b172d5b9692e2d2da8de7bfb6c387fa4f801fbf6fb2e6ba4673",
              "url": "https://files.pythonhosted.org/packages/7b/5e/efd033ab7199a0b2044dab3b9f7a4f6670e6a52c089de572e928d2873b06/PyYAML-6.0.1-cp311-cp311-manylinux_2_17_x86_64.manylinux2014_x86_64.whl"
            },
            {
              "algorithm": "sha256",
              "hash": "bfdf460b1736c775f2ba9f6a92bca30bc2095067b8a9d77876d1fad6cc3b4a43",
              "url": "https://files.pythonhosted.org/packages/cd/e5/af35f7ea75cf72f2cd079c95ee16797de7cd71f29ea7c68ae5ce7be1eda0/PyYAML-6.0.1.tar.gz"
            },
            {
              "algorithm": "sha256",
              "hash": "6965a7bc3cf88e5a1c3bd2e0b5c22f8d677dc88a455344035f03399034eb3007",
              "url": "https://files.pythonhosted.org/packages/ec/0d/26fb23e8863e0aeaac0c64e03fd27367ad2ae3f3cccf3798ee98ce160368/PyYAML-6.0.1-cp311-cp311-macosx_10_9_x86_64.whl"
            }
          ],
          "project_name": "pyyaml",
          "requires_dists": [],
          "requires_python": ">=3.6",
          "version": "6.0.1"
        },
        {
          "artifacts": [
            {
              "algorithm": "sha256",
              "hash": "d2da45d1a8dfee81bdd591647783e340ef3bcb104b54c383f70d422ef5cc7dbf",
              "url": "https://files.pythonhosted.org/packages/d2/fc/e9ccf0521607bcd244aa0b3fbd574f71b65e9ce6a112c83af988bbbe2e23/resolvelib-1.0.1-py2.py3-none-any.whl"
            },
            {
              "algorithm": "sha256",
              "hash": "04ce76cbd63fded2078ce224785da6ecd42b9564b1390793f64ddecbe997b309",
              "url": "https://files.pythonhosted.org/packages/ce/10/f699366ce577423cbc3df3280063099054c23df70856465080798c6ebad6/resolvelib-1.0.1.tar.gz"
            }
          ],
          "project_name": "resolvelib",
          "requires_dists": [
            "black; extra == \"lint\"",
            "build; extra == \"release\"",
            "commentjson; extra == \"test\"",
            "flake8; extra == \"lint\"",
            "html5lib; extra == \"examples\"",
            "isort; extra == \"lint\"",
            "mypy; extra == \"lint\"",
            "packaging; extra == \"examples\"",
            "packaging; extra == \"test\"",
            "pygraphviz; extra == \"examples\"",
            "pytest; extra == \"test\"",
            "requests; extra == \"examples\"",
            "towncrier; extra == \"release\"",
            "twine; extra == \"release\"",
            "types-requests; extra == \"lint\""
          ],
          "requires_python": null,
          "version": "1.0.1"
        }
      ],
      "platform_tag": null
    }
  ],
  "only_builds": [],
  "only_wheels": [],
  "path_mappings": {},
  "pex_version": "2.3.1",
  "pip_version": "24.0",
  "prefer_older_binary": false,
  "requirements": [
    "ansible-core==2.17.1"
  ],
  "requires_python": [
    "==3.11.*"
  ],
  "resolver_version": "pip-2020-resolver",
  "style": "universal",
  "target_systems": [
    "linux",
    "mac"
  ],
  "transitive": true,
  "use_pep517": null
}
